
Microsoft Visual Studio Solution File, Format Version 12.00
# Visual Studio 15
VisualStudioVersion = 15.0.28010.2048
MinimumVisualStudioVersion = 10.0.40219.1
Project("{FAE04EC0-301F-11D3-BF4B-00C04F79EFBC}") = "InterfaceAbstractDemo", "InterfaceAbstractDemo\InterfaceAbstractDemo.csproj", "{249D20E7-E9E1-4445-ABDE-B925A3D831DD}"
EndProject
Global
	GlobalSection(SolutionConfigurationPlatforms) = preSolution
		Debug|Any CPU = Debug|Any CPU
		Release|Any CPU = Release|Any CPU
	EndGlobalSection
	GlobalSection(ProjectConfigurationPlatforms) = postSolution
		{249D20E7-E9E1-4445-ABDE-B925A3D831DD}.Debug|Any CPU.ActiveCfg = Debug|Any CPU
		{249D20E7-E9E1-4445-ABDE-B925A3D831DD}.Debug|Any CPU.Build.0 = Debug|Any CPU
		{249D20E7-E9E1-4445-ABDE-B925A3D831DD}.Release|Any CPU.ActiveCfg = Release|Any CPU
		{249D20E7-E9E1-4445-ABDE-B925A3D831DD}.Release|Any CPU.Build.0 = Release|Any CPU
	EndGlobalSection
	GlobalSection(SolutionProperties) = preSolution
		HideSolutionNode = FALSE
	EndGlobalSection
	GlobalSection(ExtensibilityGlobals) = postSolution
		SolutionGuid = {509BFDF0-3FF3-476C-879E-6E81829010D5}
	EndGlobalSection
EndGlobal
